
Microsoft Visual Studio Solution File, Format Version 12.00
# Visual Studio Version 16
VisualStudioVersion = 16.0.30611.23
MinimumVisualStudioVersion = 10.0.40219.1
Project("{FAE04EC0-301F-11D3-BF4B-00C04F79EFBC}") = "Pinger", "Pinger\Pinger.csproj", "{8222ABCF-808E-4010-9553-062000C72938}"
EndProject
Project("{FAE04EC0-301F-11D3-BF4B-00C04F79EFBC}") = "UnitTestPinger", "UnitTestPinger\UnitTestPinger.csproj", "{439B451A-E886-4CCA-B5C2-6A751E321740}"
EndProject
Global
	GlobalSection(SolutionConfigurationPlatforms) = preSolution
		Debug|Any CPU = Debug|Any CPU
		Release|Any CPU = Release|Any CPU
	EndGlobalSection
	GlobalSection(ProjectConfigurationPlatforms) = postSolution
		{8222ABCF-808E-4010-9553-062000C72938}.Debug|Any CPU.ActiveCfg = Debug|Any CPU
		{8222ABCF-808E-4010-9553-062000C72938}.Debug|Any CPU.Build.0 = Debug|Any CPU
		{8222ABCF-808E-4010-9553-062000C72938}.Release|Any CPU.ActiveCfg = Release|Any CPU
		{8222ABCF-808E-4010-9553-062000C72938}.Release|Any CPU.Build.0 = Release|Any CPU
		{439B451A-E886-4CCA-B5C2-6A751E321740}.Debug|Any CPU.ActiveCfg = Debug|Any CPU
		{439B451A-E886-4CCA-B5C2-6A751E321740}.Debug|Any CPU.Build.0 = Debug|Any CPU
		{439B451A-E886-4CCA-B5C2-6A751E321740}.Release|Any CPU.ActiveCfg = Release|Any CPU
		{439B451A-E886-4CCA-B5C2-6A751E321740}.Release|Any CPU.Build.0 = Release|Any CPU
	EndGlobalSection
	GlobalSection(SolutionProperties) = preSolution
		HideSolutionNode = FALSE
	EndGlobalSection
	GlobalSection(ExtensibilityGlobals) = postSolution
		SolutionGuid = {19F880A7-0CA8-4E28-AB1D-598147142DE7}
	EndGlobalSection
EndGlobal
